
Microsoft Visual Studio Solution File, Format Version 12.00
# Visual Studio Version 17
VisualStudioVersion = 17.14.36705.20
MinimumVisualStudioVersion = 10.0.40219.1
Project("{FAE04EC0-301F-11D3-BF4B-00C04F79EFBC}") = "Demo01", "Demo01\Demo01.csproj", "{270DD56A-B765-4111-8E73-F19F2741F19F}"
EndProject
Project("{FAE04EC0-301F-11D3-BF4B-00C04F79EFBC}") = "OOP", "OOP\OOP.csproj", "{86E9D121-DEBC-4924-93CE-C898C35F7AA2}"
EndProject
Project("{FAE04EC0-301F-11D3-BF4B-00C04F79EFBC}") = "Commen", "Commen\Commen.csproj", "{C83777FF-B179-4301-A7DF-B1C0C25D5A54}"
EndProject
Global
	GlobalSection(SolutionConfigurationPlatforms) = preSolution
		Debug|Any CPU = Debug|Any CPU
		Release|Any CPU = Release|Any CPU
	EndGlobalSection
	GlobalSection(ProjectConfigurationPlatforms) = postSolution
		{270DD56A-B765-4111-8E73-F19F2741F19F}.Debug|Any CPU.ActiveCfg = Debug|Any CPU
		{270DD56A-B765-4111-8E73-F19F2741F19F}.Debug|Any CPU.Build.0 = Debug|Any CPU
		{270DD56A-B765-4111-8E73-F19F2741F19F}.Release|Any CPU.ActiveCfg = Release|Any CPU
		{270DD56A-B765-4111-8E73-F19F2741F19F}.Release|Any CPU.Build.0 = Release|Any CPU
		{86E9D121-DEBC-4924-93CE-C898C35F7AA2}.Debug|Any CPU.ActiveCfg = Debug|Any CPU
		{86E9D121-DEBC-4924-93CE-C898C35F7AA2}.Debug|Any CPU.Build.0 = Debug|Any CPU
		{86E9D121-DEBC-4924-93CE-C898C35F7AA2}.Release|Any CPU.ActiveCfg = Release|Any CPU
		{86E9D121-DEBC-4924-93CE-C898C35F7AA2}.Release|Any CPU.Build.0 = Release|Any CPU
		{C83777FF-B179-4301-A7DF-B1C0C25D5A54}.Debug|Any CPU.ActiveCfg = Debug|Any CPU
		{C83777FF-B179-4301-A7DF-B1C0C25D5A54}.Debug|Any CPU.Build.0 = Debug|Any CPU
		{C83777FF-B179-4301-A7DF-B1C0C25D5A54}.Release|Any CPU.ActiveCfg = Release|Any CPU
		{C83777FF-B179-4301-A7DF-B1C0C25D5A54}.Release|Any CPU.Build.0 = Release|Any CPU
	EndGlobalSection
	GlobalSection(SolutionProperties) = preSolution
		HideSolutionNode = FALSE
	EndGlobalSection
	GlobalSection(ExtensibilityGlobals) = postSolution
		SolutionGuid = {1762F289-2DD0-4A6E-BF61-FD7767D0F8AC}
	EndGlobalSection
EndGlobal
